// !$*UTF8*$!
{
	archiveVersion = 1;
	classes = {
	};
	objectVersion = 51;
	objects = {

/* Begin PBXBuildFile section */
		1D8FCF5194894FF106F5CFC0 /* Pods_GTchatTests.framework in Frameworks */ = {isa = PBXBuildFile; fileRef = 207C38B25B4AAED5EF93AD64 /* Pods_GTchatTests.framework */; };
		3BA27CF83582895120DEBB4F /* Pods_GTchat_GTchatUITests.framework in Frameworks */ = {isa = PBXBuildFile; fileRef = 41078124DD9650884BCF9D9C /* Pods_GTchat_GTchatUITests.framework */; };
		7C1E4BC8B65E49AACF8F37BB /* Pods_GTchat.framework in Frameworks */ = {isa = PBXBuildFile; fileRef = BC07F06D515ECC64B30D331A /* Pods_GTchat.framework */; };
		9C22B34223C1502A001CF310 /* ChatRoomViewController.swift in Sources */ = {isa = PBXBuildFile; fileRef = 9C22B34123C1502A001CF310 /* ChatRoomViewController.swift */; };
		9C22B34423C54DFB001CF310 /* EnterChatRoom.swift in Sources */ = {isa = PBXBuildFile; fileRef = 9C22B34323C54DFB001CF310 /* EnterChatRoom.swift */; };
		9C22B34623C5585F001CF310 /* MockMessage.swift in Sources */ = {isa = PBXBuildFile; fileRef = 9C22B34523C5585F001CF310 /* MockMessage.swift */; };
		9C3D086C23760E2E0038A785 /* AppDelegate.swift in Sources */ = {isa = PBXBuildFile; fileRef = 9C3D086B23760E2E0038A785 /* AppDelegate.swift */; };
		9C3D087023760E2E0038A785 /* LogInViewController.swift in Sources */ = {isa = PBXBuildFile; fileRef = 9C3D086F23760E2E0038A785 /* LogInViewController.swift */; };
		9C3D087323760E2E0038A785 /* Main.storyboard in Resources */ = {isa = PBXBuildFile; fileRef = 9C3D087123760E2E0038A785 /* Main.storyboard */; };
		9C3D087523760E300038A785 /* Assets.xcassets in Resources */ = {isa = PBXBuildFile; fileRef = 9C3D087423760E300038A785 /* Assets.xcassets */; };
		9C3D087823760E300038A785 /* LaunchScreen.storyboard in Resources */ = {isa = PBXBuildFile; fileRef = 9C3D087623760E300038A785 /* LaunchScreen.storyboard */; };
		9C3D088323760E310038A785 /* GTchatTests.swift in Sources */ = {isa = PBXBuildFile; fileRef = 9C3D088223760E310038A785 /* GTchatTests.swift */; };
		9C3D088E23760E310038A785 /* GTchatUITests.swift in Sources */ = {isa = PBXBuildFile; fileRef = 9C3D088D23760E310038A785 /* GTchatUITests.swift */; };
		9C3D089C23760FAA0038A785 /* GoogleService-Info.plist in Resources */ = {isa = PBXBuildFile; fileRef = 9C3D089B23760FAA0038A785 /* GoogleService-Info.plist */; };
		9C3D089D23760FAA0038A785 /* GoogleService-Info.plist in Resources */ = {isa = PBXBuildFile; fileRef = 9C3D089B23760FAA0038A785 /* GoogleService-Info.plist */; };
		9C3D089E23760FAA0038A785 /* GoogleService-Info.plist in Resources */ = {isa = PBXBuildFile; fileRef = 9C3D089B23760FAA0038A785 /* GoogleService-Info.plist */; };
		9C3D08A72378AC210038A785 /* HomeViewController.swift in Sources */ = {isa = PBXBuildFile; fileRef = 9C3D08A62378AC210038A785 /* HomeViewController.swift */; };
		9C3D08A92378ACBF0038A785 /* ChatListViewController.swift in Sources */ = {isa = PBXBuildFile; fileRef = 9C3D08A82378ACBF0038A785 /* ChatListViewController.swift */; };
/* End PBXBuildFile section */

/* Begin PBXContainerItemProxy section */
		9C3D087F23760E310038A785 /* PBXContainerItemProxy */ = {
			isa = PBXContainerItemProxy;
			containerPortal = 9C3D086023760E2E0038A785 /* Project object */;
			proxyType = 1;
			remoteGlobalIDString = 9C3D086723760E2E0038A785;
			remoteInfo = GTchat;
		};
		9C3D088A23760E310038A785 /* PBXContainerItemProxy */ = {
			isa = PBXContainerItemProxy;
			containerPortal = 9C3D086023760E2E0038A785 /* Project object */;
			proxyType = 1;
			remoteGlobalIDString = 9C3D086723760E2E0038A785;
			remoteInfo = GTchat;
		};
/* End PBXContainerItemProxy section */

/* Begin PBXFileReference section */
		207C38B25B4AAED5EF93AD64 /* Pods_GTchatTests.framework */ = {isa = PBXFileReference; explicitFileType = wrapper.framework; includeInIndex = 0; path = Pods_GTchatTests.framework; sourceTree = BUILT_PRODUCTS_DIR; };
		34453FA34790D28E1599EE94 /* Pods-GTchat-GTchatUITests.debug.xcconfig */ = {isa = PBXFileReference; includeInIndex = 1; lastKnownFileType = text.xcconfig; name = "Pods-GTchat-GTchatUITests.debug.xcconfig"; path = "Target Support Files/Pods-GTchat-GTchatUITests/Pods-GTchat-GTchatUITests.debug.xcconfig"; sourceTree = "<group>"; };
		39E17DB2F1FBF930B9090EF2 /* Pods-GTchat.debug.xcconfig */ = {isa = PBXFileReference; includeInIndex = 1; lastKnownFileType = text.xcconfig; name = "Pods-GTchat.debug.xcconfig"; path = "Target Support Files/Pods-GTchat/Pods-GTchat.debug.xcconfig"; sourceTree = "<group>"; };
		41078124DD9650884BCF9D9C /* Pods_GTchat_GTchatUITests.framework */ = {isa = PBXFileReference; explicitFileType = wrapper.framework; includeInIndex = 0; path = Pods_GTchat_GTchatUITests.framework; sourceTree = BUILT_PRODUCTS_DIR; };
		5A01796E658DF55888076EB5 /* Pods-GTchat-GTchatUITests.release.xcconfig */ = {isa = PBXFileReference; includeInIndex = 1; lastKnownFileType = text.xcconfig; name = "Pods-GTchat-GTchatUITests.release.xcconfig"; path = "Target Support Files/Pods-GTchat-GTchatUITests/Pods-GTchat-GTchatUITests.release.xcconfig"; sourceTree = "<group>"; };
		9C22B34123C1502A001CF310 /* ChatRoomViewController.swift */ = {isa = PBXFileReference; lastKnownFileType = sourcecode.swift; path = ChatRoomViewController.swift; sourceTree = "<group>"; };
		9C22B34323C54DFB001CF310 /* EnterChatRoom.swift */ = {isa = PBXFileReference; lastKnownFileType = sourcecode.swift; path = EnterChatRoom.swift; sourceTree = "<group>"; };
		9C22B34523C5585F001CF310 /* MockMessage.swift */ = {isa = PBXFileReference; lastKnownFileType = sourcecode.swift; path = MockMessage.swift; sourceTree = "<group>"; };
		9C3D086823760E2E0038A785 /* GTchat.app */ = {isa = PBXFileReference; explicitFileType = wrapper.application; includeInIndex = 0; path = GTchat.app; sourceTree = BUILT_PRODUCTS_DIR; };
		9C3D086B23760E2E0038A785 /* AppDelegate.swift */ = {isa = PBXFileReference; lastKnownFileType = sourcecode.swift; path = AppDelegate.swift; sourceTree = "<group>"; };
		9C3D086F23760E2E0038A785 /* LogInViewController.swift */ = {isa = PBXFileReference; lastKnownFileType = sourcecode.swift; path = LogInViewController.swift; sourceTree = "<group>"; };
		9C3D087223760E2E0038A785 /* Base */ = {isa = PBXFileReference; lastKnownFileType = file.storyboard; name = Base; path = Base.lproj/Main.storyboard; sourceTree = "<group>"; };
		9C3D087423760E300038A785 /* Assets.xcassets */ = {isa = PBXFileReference; lastKnownFileType = folder.assetcatalog; path = Assets.xcassets; sourceTree = "<group>"; };
		9C3D087723760E300038A785 /* Base */ = {isa = PBXFileReference; lastKnownFileType = file.storyboard; name = Base; path = Base.lproj/LaunchScreen.storyboard; sourceTree = "<group>"; };
		9C3D087923760E300038A785 /* Info.plist */ = {isa = PBXFileReference; lastKnownFileType = text.plist.xml; path = Info.plist; sourceTree = "<group>"; };
		9C3D087E23760E310038A785 /* GTchatTests.xctest */ = {isa = PBXFileReference; explicitFileType = wrapper.cfbundle; includeInIndex = 0; path = GTchatTests.xctest; sourceTree = BUILT_PRODUCTS_DIR; };
		9C3D088223760E310038A785 /* GTchatTests.swift */ = {isa = PBXFileReference; lastKnownFileType = sourcecode.swift; path = GTchatTests.swift; sourceTree = "<group>"; };
		9C3D088423760E310038A785 /* Info.plist */ = {isa = PBXFileReference; lastKnownFileType = text.plist.xml; path = Info.plist; sourceTree = "<group>"; };
		9C3D088923760E310038A785 /* GTchatUITests.xctest */ = {isa = PBXFileReference; explicitFileType = wrapper.cfbundle; includeInIndex = 0; path = GTchatUITests.xctest; sourceTree = BUILT_PRODUCTS_DIR; };
		9C3D088D23760E310038A785 /* GTchatUITests.swift */ = {isa = PBXFileReference; lastKnownFileType = sourcecode.swift; path = GTchatUITests.swift; sourceTree = "<group>"; };
		9C3D088F23760E310038A785 /* Info.plist */ = {isa = PBXFileReference; lastKnownFileType = text.plist.xml; path = Info.plist; sourceTree = "<group>"; };
		9C3D089B23760FAA0038A785 /* GoogleService-Info.plist */ = {isa = PBXFileReference; fileEncoding = 4; lastKnownFileType = text.plist.xml; path = "GoogleService-Info.plist"; sourceTree = "<group>"; };
		9C3D08A62378AC210038A785 /* HomeViewController.swift */ = {isa = PBXFileReference; lastKnownFileType = sourcecode.swift; path = HomeViewController.swift; sourceTree = "<group>"; };
		9C3D08A82378ACBF0038A785 /* ChatListViewController.swift */ = {isa = PBXFileReference; lastKnownFileType = sourcecode.swift; path = ChatListViewController.swift; sourceTree = "<group>"; };
		B0D8C469D9966AC91D3FB5D9 /* Pods-GTchat.release.xcconfig */ = {isa = PBXFileReference; includeInIndex = 1; lastKnownFileType = text.xcconfig; name = "Pods-GTchat.release.xcconfig"; path = "Target Support Files/Pods-GTchat/Pods-GTchat.release.xcconfig"; sourceTree = "<group>"; };
		BAC0198515CBA9BABCB8F02E /* Pods-GTchatTests.debug.xcconfig */ = {isa = PBXFileReference; includeInIndex = 1; lastKnownFileType = text.xcconfig; name = "Pods-GTchatTests.debug.xcconfig"; path = "Target Support Files/Pods-GTchatTests/Pods-GTchatTests.debug.xcconfig"; sourceTree = "<group>"; };
		BC07F06D515ECC64B30D331A /* Pods_GTchat.framework */ = {isa = PBXFileReference; explicitFileType = wrapper.framework; includeInIndex = 0; path = Pods_GTchat.framework; sourceTree = BUILT_PRODUCTS_DIR; };
		CC307B921DC0391D0FFBC031 /* Pods-GTchatTests.release.xcconfig */ = {isa = PBXFileReference; includeInIndex = 1; lastKnownFileType = text.xcconfig; name = "Pods-GTchatTests.release.xcconfig"; path = "Target Support Files/Pods-GTchatTests/Pods-GTchatTests.release.xcconfig"; sourceTree = "<group>"; };
/* End PBXFileReference section */

/* Begin PBXFrameworksBuildPhase section */
		9C3D086523760E2E0038A785 /* Frameworks */ = {
			isa = PBXFrameworksBuildPhase;
			buildActionMask = 2147483647;
			files = (
				7C1E4BC8B65E49AACF8F37BB /* Pods_GTchat.framework in Frameworks */,
			);
			runOnlyForDeploymentPostprocessing = 0;
		};
		9C3D087B23760E310038A785 /* Frameworks */ = {
			isa = PBXFrameworksBuildPhase;
			buildActionMask = 2147483647;
			files = (
				1D8FCF5194894FF106F5CFC0 /* Pods_GTchatTests.framework in Frameworks */,
			);
			runOnlyForDeploymentPostprocessing = 0;
		};
		9C3D088623760E310038A785 /* Frameworks */ = {
			isa = PBXFrameworksBuildPhase;
			buildActionMask = 2147483647;
			files = (
				3BA27CF83582895120DEBB4F /* Pods_GTchat_GTchatUITests.framework in Frameworks */,
			);
			runOnlyForDeploymentPostprocessing = 0;
		};
/* End PBXFrameworksBuildPhase section */

/* Begin PBXGroup section */
		6EE83D60FF13190FD2667071 /* Frameworks */ = {
			isa = PBXGroup;
			children = (
				BC07F06D515ECC64B30D331A /* Pods_GTchat.framework */,
				41078124DD9650884BCF9D9C /* Pods_GTchat_GTchatUITests.framework */,
				207C38B25B4AAED5EF93AD64 /* Pods_GTchatTests.framework */,
			);
			name = Frameworks;
			sourceTree = "<group>";
		};
		9C3D085F23760E2E0038A785 = {
			isa = PBXGroup;
			children = (
				9C3D086A23760E2E0038A785 /* GTchat */,
				9C3D088123760E310038A785 /* GTchatTests */,
				9C3D088C23760E310038A785 /* GTchatUITests */,
				9C3D086923760E2E0038A785 /* Products */,
				F7E5901DD3EBCE687D31B5EE /* Pods */,
				6EE83D60FF13190FD2667071 /* Frameworks */,
			);
			sourceTree = "<group>";
		};
		9C3D086923760E2E0038A785 /* Products */ = {
			isa = PBXGroup;
			children = (
				9C3D086823760E2E0038A785 /* GTchat.app */,
				9C3D087E23760E310038A785 /* GTchatTests.xctest */,
				9C3D088923760E310038A785 /* GTchatUITests.xctest */,
			);
			name = Products;
			sourceTree = "<group>";
		};
		9C3D086A23760E2E0038A785 /* GTchat */ = {
			isa = PBXGroup;
			children = (
				9C3D086B23760E2E0038A785 /* AppDelegate.swift */,
				9C3D086F23760E2E0038A785 /* LogInViewController.swift */,
				9C3D08A62378AC210038A785 /* HomeViewController.swift */,
				9C3D08A82378ACBF0038A785 /* ChatListViewController.swift */,
				9C22B34123C1502A001CF310 /* ChatRoomViewController.swift */,
				9C22B34523C5585F001CF310 /* MockMessage.swift */,
				9C22B34323C54DFB001CF310 /* EnterChatRoom.swift */,
				9C3D087123760E2E0038A785 /* Main.storyboard */,
				9C3D087423760E300038A785 /* Assets.xcassets */,
				9C3D087623760E300038A785 /* LaunchScreen.storyboard */,
				9C3D087923760E300038A785 /* Info.plist */,
				9C3D089B23760FAA0038A785 /* GoogleService-Info.plist */,
			);
			path = GTchat;
			sourceTree = "<group>";
		};
		9C3D088123760E310038A785 /* GTchatTests */ = {
			isa = PBXGroup;
			children = (
				9C3D088223760E310038A785 /* GTchatTests.swift */,
				9C3D088423760E310038A785 /* Info.plist */,
			);
			path = GTchatTests;
			sourceTree = "<group>";
		};
		9C3D088C23760E310038A785 /* GTchatUITests */ = {
			isa = PBXGroup;
			children = (
				9C3D088D23760E310038A785 /* GTchatUITests.swift */,
				9C3D088F23760E310038A785 /* Info.plist */,
			);
			path = GTchatUITests;
			sourceTree = "<group>";
		};
		F7E5901DD3EBCE687D31B5EE /* Pods */ = {
			isa = PBXGroup;
			children = (
				39E17DB2F1FBF930B9090EF2 /* Pods-GTchat.debug.xcconfig */,
				B0D8C469D9966AC91D3FB5D9 /* Pods-GTchat.release.xcconfig */,
				34453FA34790D28E1599EE94 /* Pods-GTchat-GTchatUITests.debug.xcconfig */,
				5A01796E658DF55888076EB5 /* Pods-GTchat-GTchatUITests.release.xcconfig */,
				BAC0198515CBA9BABCB8F02E /* Pods-GTchatTests.debug.xcconfig */,
				CC307B921DC0391D0FFBC031 /* Pods-GTchatTests.release.xcconfig */,
			);
			path = Pods;
			sourceTree = "<group>";
		};
/* End PBXGroup section */

/* Begin PBXNativeTarget section */
		9C3D086723760E2E0038A785 /* GTchat */ = {
			isa = PBXNativeTarget;
			buildConfigurationList = 9C3D089223760E310038A785 /* Build configuration list for PBXNativeTarget "GTchat" */;
			buildPhases = (
				D962C38A0574D3BD217CAF8C /* [CP] Check Pods Manifest.lock */,
				9C3D086423760E2E0038A785 /* Sources */,
				9C3D086523760E2E0038A785 /* Frameworks */,
				9C3D086623760E2E0038A785 /* Resources */,
				16CB5AD6812CB170AD142E3D /* [CP] Embed Pods Frameworks */,
			);
			buildRules = (
			);
			dependencies = (
			);
			name = GTchat;
			productName = GTchat;
			productReference = 9C3D086823760E2E0038A785 /* GTchat.app */;
			productType = "com.apple.product-type.application";
		};
		9C3D087D23760E310038A785 /* GTchatTests */ = {
			isa = PBXNativeTarget;
			buildConfigurationList = 9C3D089523760E310038A785 /* Build configuration list for PBXNativeTarget "GTchatTests" */;
			buildPhases = (
				ACDC7979D0A2190E5D580D1F /* [CP] Check Pods Manifest.lock */,
				9C3D087A23760E310038A785 /* Sources */,
				9C3D087B23760E310038A785 /* Frameworks */,
				9C3D087C23760E310038A785 /* Resources */,
			);
			buildRules = (
			);
			dependencies = (
				9C3D088023760E310038A785 /* PBXTargetDependency */,
			);
			name = GTchatTests;
			productName = GTchatTests;
			productReference = 9C3D087E23760E310038A785 /* GTchatTests.xctest */;
			productType = "com.apple.product-type.bundle.unit-test";
		};
		9C3D088823760E310038A785 /* GTchatUITests */ = {
			isa = PBXNativeTarget;
			buildConfigurationList = 9C3D089823760E310038A785 /* Build configuration list for PBXNativeTarget "GTchatUITests" */;
			buildPhases = (
				1D8A6AC5B8838FBFCB668835 /* [CP] Check Pods Manifest.lock */,
				9C3D088523760E310038A785 /* Sources */,
				9C3D088623760E310038A785 /* Frameworks */,
				9C3D088723760E310038A785 /* Resources */,
				54E202BE7C791631AD99296F /* [CP] Embed Pods Frameworks */,
			);
			buildRules = (
			);
			dependencies = (
				9C3D088B23760E310038A785 /* PBXTargetDependency */,
			);
			name = GTchatUITests;
			productName = GTchatUITests;
			productReference = 9C3D088923760E310038A785 /* GTchatUITests.xctest */;
			productType = "com.apple.product-type.bundle.ui-testing";
		};
/* End PBXNativeTarget section */

/* Begin PBXProject section */
		9C3D086023760E2E0038A785 /* Project object */ = {
			isa = PBXProject;
			attributes = {
				LastSwiftUpdateCheck = 1120;
				LastUpgradeCheck = 1120;
				ORGANIZATIONNAME = Soul3725;
				TargetAttributes = {
					9C3D086723760E2E0038A785 = {
						CreatedOnToolsVersion = 11.2;
					};
					9C3D087D23760E310038A785 = {
						CreatedOnToolsVersion = 11.2;
						TestTargetID = 9C3D086723760E2E0038A785;
					};
					9C3D088823760E310038A785 = {
						CreatedOnToolsVersion = 11.2;
						TestTargetID = 9C3D086723760E2E0038A785;
					};
				};
			};
			buildConfigurationList = 9C3D086323760E2E0038A785 /* Build configuration list for PBXProject "GTchat" */;
			compatibilityVersion = "Xcode 9.3";
			developmentRegion = en;
			hasScannedForEncodings = 0;
			knownRegions = (
				en,
				Base,
			);
			mainGroup = 9C3D085F23760E2E0038A785;
			productRefGroup = 9C3D086923760E2E0038A785 /* Products */;
			projectDirPath = "";
			projectRoot = "";
			targets = (
				9C3D086723760E2E0038A785 /* GTchat */,
				9C3D087D23760E310038A785 /* GTchatTests */,
				9C3D088823760E310038A785 /* GTchatUITests */,
			);
		};
/* End PBXProject section */

/* Begin PBXResourcesBuildPhase section */
		9C3D086623760E2E0038A785 /* Resources */ = {
			isa = PBXResourcesBuildPhase;
			buildActionMask = 2147483647;
			files = (
				9C3D087823760E300038A785 /* LaunchScreen.storyboard in Resources */,
				9C3D089C23760FAA0038A785 /* GoogleService-Info.plist in Resources */,
				9C3D087523760E300038A785 /* Assets.xcassets in Resources */,
				9C3D087323760E2E0038A785 /* Main.storyboard in Resources */,
			);
			runOnlyForDeploymentPostprocessing = 0;
		};
		9C3D087C23760E310038A785 /* Resources */ = {
			isa = PBXResourcesBuildPhase;
			buildActionMask = 2147483647;
			files = (
				9C3D089D23760FAA0038A785 /* GoogleService-Info.plist in Resources */,
			);
			runOnlyForDeploymentPostprocessing = 0;
		};
		9C3D088723760E310038A785 /* Resources */ = {
			isa = PBXResourcesBuildPhase;
			buildActionMask = 2147483647;
			files = (
				9C3D089E23760FAA0038A785 /* GoogleService-Info.plist in Resources */,
			);
			runOnlyForDeploymentPostprocessing = 0;
		};
/* End PBXResourcesBuildPhase section */

/* Begin PBXShellScriptBuildPhase section */
		16CB5AD6812CB170AD142E3D /* [CP] Embed Pods Frameworks */ = {
			isa = PBXShellScriptBuildPhase;
			buildActionMask = 2147483647;
			files = (
			);
			inputFileListPaths = (
				"${PODS_ROOT}/Target Support Files/Pods-GTchat/Pods-GTchat-frameworks-${CONFIGURATION}-input-files.xcfilelist",
			);
			name = "[CP] Embed Pods Frameworks";
			outputFileListPaths = (
				"${PODS_ROOT}/Target Support Files/Pods-GTchat/Pods-GTchat-frameworks-${CONFIGURATION}-output-files.xcfilelist",
			);
			runOnlyForDeploymentPostprocessing = 0;
			shellPath = /bin/sh;
			shellScript = "\"${PODS_ROOT}/Target Support Files/Pods-GTchat/Pods-GTchat-frameworks.sh\"\n";
			showEnvVarsInLog = 0;
		};
		1D8A6AC5B8838FBFCB668835 /* [CP] Check Pods Manifest.lock */ = {
			isa = PBXShellScriptBuildPhase;
			buildActionMask = 2147483647;
			files = (
			);
			inputFileListPaths = (
			);
			inputPaths = (
				"${PODS_PODFILE_DIR_PATH}/Podfile.lock",
				"${PODS_ROOT}/Manifest.lock",
			);
			name = "[CP] Check Pods Manifest.lock";
			outputFileListPaths = (
			);
			outputPaths = (
				"$(DERIVED_FILE_DIR)/Pods-GTchat-GTchatUITests-checkManifestLockResult.txt",
			);
			runOnlyForDeploymentPostprocessing = 0;
			shellPath = /bin/sh;
			shellScript = "diff \"${PODS_PODFILE_DIR_PATH}/Podfile.lock\" \"${PODS_ROOT}/Manifest.lock\" > /dev/null\nif [ $? != 0 ] ; then\n    # print error to STDERR\n    echo \"error: The sandbox is not in sync with the Podfile.lock. Run 'pod install' or update your CocoaPods installation.\" >&2\n    exit 1\nfi\n# This output is used by Xcode 'outputs' to avoid re-running this script phase.\necho \"SUCCESS\" > \"${SCRIPT_OUTPUT_FILE_0}\"\n";
			showEnvVarsInLog = 0;
		};
		54E202BE7C791631AD99296F /* [CP] Embed Pods Frameworks */ = {
			isa = PBXShellScriptBuildPhase;
			buildActionMask = 2147483647;
			files = (
			);
			inputFileListPaths = (
				"${PODS_ROOT}/Target Support Files/Pods-GTchat-GTchatUITests/Pods-GTchat-GTchatUITests-frameworks-${CONFIGURATION}-input-files.xcfilelist",
			);
			name = "[CP] Embed Pods Frameworks";
			outputFileListPaths = (
				"${PODS_ROOT}/Target Support Files/Pods-GTchat-GTchatUITests/Pods-GTchat-GTchatUITests-frameworks-${CONFIGURATION}-output-files.xcfilelist",
			);
			runOnlyForDeploymentPostprocessing = 0;
			shellPath = /bin/sh;
			shellScript = "\"${PODS_ROOT}/Target Support Files/Pods-GTchat-GTchatUITests/Pods-GTchat-GTchatUITests-frameworks.sh\"\n";
			showEnvVarsInLog = 0;
		};
		ACDC7979D0A2190E5D580D1F /* [CP] Check Pods Manifest.lock */ = {
			isa = PBXShellScriptBuildPhase;
			buildActionMask = 2147483647;
			files = (
			);
			inputFileListPaths = (
			);
			inputPaths = (
				"${PODS_PODFILE_DIR_PATH}/Podfile.lock",
				"${PODS_ROOT}/Manifest.lock",
			);
			name = "[CP] Check Pods Manifest.lock";
			outputFileListPaths = (
			);
			outputPaths = (
				"$(DERIVED_FILE_DIR)/Pods-GTchatTests-checkManifestLockResult.txt",
			);
			runOnlyForDeploymentPostprocessing = 0;
			shellPath = /bin/sh;
			shellScript = "diff \"${PODS_PODFILE_DIR_PATH}/Podfile.lock\" \"${PODS_ROOT}/Manifest.lock\" > /dev/null\nif [ $? != 0 ] ; then\n    # print error to STDERR\n    echo \"error: The sandbox is not in sync with the Podfile.lock. Run 'pod install' or update your CocoaPods installation.\" >&2\n    exit 1\nfi\n# This output is used by Xcode 'outputs' to avoid re-running this script phase.\necho \"SUCCESS\" > \"${SCRIPT_OUTPUT_FILE_0}\"\n";
			showEnvVarsInLog = 0;
		};
		D962C38A0574D3BD217CAF8C /* [CP] Check Pods Manifest.lock */ = {
			isa = PBXShellScriptBuildPhase;
			buildActionMask = 2147483647;
			files = (
			);
			inputFileListPaths = (
			);
			inputPaths = (
				"${PODS_PODFILE_DIR_PATH}/Podfile.lock",
				"${PODS_ROOT}/Manifest.lock",
			);
			name = "[CP] Check Pods Manifest.lock";
			outputFileListPaths = (
			);
			outputPaths = (
				"$(DERIVED_FILE_DIR)/Pods-GTchat-checkManifestLockResult.txt",
			);
			runOnlyForDeploymentPostprocessing = 0;
			shellPath = /bin/sh;
			shellScript = "diff \"${PODS_PODFILE_DIR_PATH}/Podfile.lock\" \"${PODS_ROOT}/Manifest.lock\" > /dev/null\nif [ $? != 0 ] ; then\n    # print error to STDERR\n    echo \"error: The sandbox is not in sync with the Podfile.lock. Run 'pod install' or update your CocoaPods installation.\" >&2\n    exit 1\nfi\n# This output is used by Xcode 'outputs' to avoid re-running this script phase.\necho \"SUCCESS\" > \"${SCRIPT_OUTPUT_FILE_0}\"\n";
			showEnvVarsInLog = 0;
		};
/* End PBXShellScriptBuildPhase section */

/* Begin PBXSourcesBuildPhase section */
		9C3D086423760E2E0038A785 /* Sources */ = {
			isa = PBXSourcesBuildPhase;
			buildActionMask = 2147483647;
			files = (
				9C22B34623C5585F001CF310 /* MockMessage.swift in Sources */,
				9C3D087023760E2E0038A785 /* LogInViewController.swift in Sources */,
				9C3D086C23760E2E0038A785 /* AppDelegate.swift in Sources */,
				9C3D08A92378ACBF0038A785 /* ChatListViewController.swift in Sources */,
				9C3D08A72378AC210038A785 /* HomeViewController.swift in Sources */,
				9C22B34223C1502A001CF310 /* ChatRoomViewController.swift in Sources */,
				9C22B34423C54DFB001CF310 /* EnterChatRoom.swift in Sources */,
			);
			runOnlyForDeploymentPostprocessing = 0;
		};
		9C3D087A23760E310038A785 /* Sources */ = {
			isa = PBXSourcesBuildPhase;
			buildActionMask = 2147483647;
			files = (
				9C3D088323760E310038A785 /* GTchatTests.swift in Sources */,
			);
			runOnlyForDeploymentPostprocessing = 0;
		};
		9C3D088523760E310038A785 /* Sources */ = {
			isa = PBXSourcesBuildPhase;
			buildActionMask = 2147483647;
			files = (
				9C3D088E23760E310038A785 /* GTchatUITests.swift in Sources */,
			);
			runOnlyForDeploymentPostprocessing = 0;
		};
/* End PBXSourcesBuildPhase section */

/* Begin PBXTargetDependency section */
		9C3D088023760E310038A785 /* PBXTargetDependency */ = {
			isa = PBXTargetDependency;
			target = 9C3D086723760E2E0038A785 /* GTchat */;
			targetProxy = 9C3D087F23760E310038A785 /* PBXContainerItemProxy */;
		};
		9C3D088B23760E310038A785 /* PBXTargetDependency */ = {
			isa = PBXTargetDependency;
			target = 9C3D086723760E2E0038A785 /* GTchat */;
			targetProxy = 9C3D088A23760E310038A785 /* PBXContainerItemProxy */;
		};
/* End PBXTargetDependency section */

/* Begin PBXVariantGroup section */
		9C3D087123760E2E0038A785 /* Main.storyboard */ = {
			isa = PBXVariantGroup;
			children = (
				9C3D087223760E2E0038A785 /* Base */,
			);
			name = Main.storyboard;
			sourceTree = "<group>";
		};
		9C3D087623760E300038A785 /* LaunchScreen.storyboard */ = {
			isa = PBXVariantGroup;
			children = (
				9C3D087723760E300038A785 /* Base */,
			);
			name = LaunchScreen.storyboard;
			sourceTree = "<group>";
		};
/* End PBXVariantGroup section */

/* Begin XCBuildConfiguration section */
		9C3D089023760E310038A785 /* Debug */ = {
			isa = XCBuildConfiguration;
			buildSettings = {
				ALWAYS_SEARCH_USER_PATHS = NO;
				CLANG_ANALYZER_NONNULL = YES;
				CLANG_ANALYZER_NUMBER_OBJECT_CONVERSION = YES_AGGRESSIVE;
				CLANG_CXX_LANGUAGE_STANDARD = "gnu++14";
				CLANG_CXX_LIBRARY = "libc++";
				CLANG_ENABLE_MODULES = YES;
				CLANG_ENABLE_OBJC_ARC = YES;
				CLANG_ENABLE_OBJC_WEAK = YES;
				CLANG_WARN_BLOCK_CAPTURE_AUTORELEASING = YES;
				CLANG_WARN_BOOL_CONVERSION = YES;
				CLANG_WARN_COMMA = YES;
				CLANG_WARN_CONSTANT_CONVERSION = YES;
				CLANG_WARN_DEPRECATED_OBJC_IMPLEMENTATIONS = YES;
				CLANG_WARN_DIRECT_OBJC_ISA_USAGE = YES_ERROR;
				CLANG_WARN_DOCUMENTATION_COMMENTS = YES;
				CLANG_WARN_EMPTY_BODY = YES;
				CLANG_WARN_ENUM_CONVERSION = YES;
				CLANG_WARN_INFINITE_RECURSION = YES;
				CLANG_WARN_INT_CONVERSION = YES;
				CLANG_WARN_NON_LITERAL_NULL_CONVERSION = YES;
				CLANG_WARN_OBJC_IMPLICIT_RETAIN_SELF = YES;
				CLANG_WARN_OBJC_LITERAL_CONVERSION = YES;
				CLANG_WARN_OBJC_ROOT_CLASS = YES_ERROR;
				CLANG_WARN_RANGE_LOOP_ANALYSIS = YES;
				CLANG_WARN_STRICT_PROTOTYPES = YES;
				CLANG_WARN_SUSPICIOUS_MOVE = YES;
				CLANG_WARN_UNGUARDED_AVAILABILITY = YES_AGGRESSIVE;
				CLANG_WARN_UNREACHABLE_CODE = YES;
				CLANG_WARN__DUPLICATE_METHOD_MATCH = YES;
				COPY_PHASE_STRIP = NO;
				DEBUG_INFORMATION_FORMAT = dwarf;
				ENABLE_STRICT_OBJC_MSGSEND = YES;
				ENABLE_TESTABILITY = YES;
				GCC_C_LANGUAGE_STANDARD = gnu11;
				GCC_DYNAMIC_NO_PIC = NO;
				GCC_NO_COMMON_BLOCKS = YES;
				GCC_OPTIMIZATION_LEVEL = 0;
				GCC_PREPROCESSOR_DEFINITIONS = (
					"DEBUG=1",
					"$(inherited)",
				);
				GCC_WARN_64_TO_32_BIT_CONVERSION = YES;
				GCC_WARN_ABOUT_RETURN_TYPE = YES_ERROR;
				GCC_WARN_UNDECLARED_SELECTOR = YES;
				GCC_WARN_UNINITIALIZED_AUTOS = YES_AGGRESSIVE;
				GCC_WARN_UNUSED_FUNCTION = YES;
				GCC_WARN_UNUSED_VARIABLE = YES;
				IPHONEOS_DEPLOYMENT_TARGET = 13.2;
				MTL_ENABLE_DEBUG_INFO = INCLUDE_SOURCE;
				MTL_FAST_MATH = YES;
				ONLY_ACTIVE_ARCH = YES;
				SDKROOT = iphoneos;
				SWIFT_ACTIVE_COMPILATION_CONDITIONS = DEBUG;
				SWIFT_OPTIMIZATION_LEVEL = "-Onone";
			};
			name = Debug;
		};
		9C3D089123760E310038A785 /* Release */ = {
			isa = XCBuildConfiguration;
			buildSettings = {
				ALWAYS_SEARCH_USER_PATHS = NO;
				CLANG_ANALYZER_NONNULL = YES;
				CLANG_ANALYZER_NUMBER_OBJECT_CONVERSION = YES_AGGRESSIVE;
				CLANG_CXX_LANGUAGE_STANDARD = "gnu++14";
				CLANG_CXX_LIBRARY = "libc++";
				CLANG_ENABLE_MODULES = YES;
				CLANG_ENABLE_OBJC_ARC = YES;
				CLANG_ENABLE_OBJC_WEAK = YES;
				CLANG_WARN_BLOCK_CAPTURE_AUTORELEASING = YES;
				CLANG_WARN_BOOL_CONVERSION = YES;
				CLANG_WARN_COMMA = YES;
				CLANG_WARN_CONSTANT_CONVERSION = YES;
				CLANG_WARN_DEPRECATED_OBJC_IMPLEMENTATIONS = YES;
				CLANG_WARN_DIRECT_OBJC_ISA_USAGE = YES_ERROR;
				CLANG_WARN_DOCUMENTATION_COMMENTS = YES;
				CLANG_WARN_EMPTY_BODY = YES;
				CLANG_WARN_ENUM_CONVERSION = YES;
				CLANG_WARN_INFINITE_RECURSION = YES;
				CLANG_WARN_INT_CONVERSION = YES;
				CLANG_WARN_NON_LITERAL_NULL_CONVERSION = YES;
				CLANG_WARN_OBJC_IMPLICIT_RETAIN_SELF = YES;
				CLANG_WARN_OBJC_LITERAL_CONVERSION = YES;
				CLANG_WARN_OBJC_ROOT_CLASS = YES_ERROR;
				CLANG_WARN_RANGE_LOOP_ANALYSIS = YES;
				CLANG_WARN_STRICT_PROTOTYPES = YES;
				CLANG_WARN_SUSPICIOUS_MOVE = YES;
				CLANG_WARN_UNGUARDED_AVAILABILITY = YES_AGGRESSIVE;
				CLANG_WARN_UNREACHABLE_CODE = YES;
				CLANG_WARN__DUPLICATE_METHOD_MATCH = YES;
				COPY_PHASE_STRIP = NO;
				DEBUG_INFORMATION_FORMAT = "dwarf-with-dsym";
				ENABLE_NS_ASSERTIONS = NO;
				ENABLE_STRICT_OBJC_MSGSEND = YES;
				GCC_C_LANGUAGE_STANDARD = gnu11;
				GCC_NO_COMMON_BLOCKS = YES;
				GCC_WARN_64_TO_32_BIT_CONVERSION = YES;
				GCC_WARN_ABOUT_RETURN_TYPE = YES_ERROR;
				GCC_WARN_UNDECLARED_SELECTOR = YES;
				GCC_WARN_UNINITIALIZED_AUTOS = YES_AGGRESSIVE;
				GCC_WARN_UNUSED_FUNCTION = YES;
				GCC_WARN_UNUSED_VARIABLE = YES;
				IPHONEOS_DEPLOYMENT_TARGET = 13.2;
				MTL_ENABLE_DEBUG_INFO = NO;
				MTL_FAST_MATH = YES;
				SDKROOT = iphoneos;
				SWIFT_COMPILATION_MODE = wholemodule;
				SWIFT_OPTIMIZATION_LEVEL = "-O";
				VALIDATE_PRODUCT = YES;
			};
			name = Release;
		};
		9C3D089323760E310038A785 /* Debug */ = {
			isa = XCBuildConfiguration;
			baseConfigurationReference = 39E17DB2F1FBF930B9090EF2 /* Pods-GTchat.debug.xcconfig */;
			buildSettings = {
				ALWAYS_EMBED_SWIFT_STANDARD_LIBRARIES = "$(inherited)";
				ASSETCATALOG_COMPILER_APPICON_NAME = AppIcon;
				CODE_SIGN_STYLE = Automatic;
				DEVELOPMENT_TEAM = B32FR6Z5D5;
				INFOPLIST_FILE = GTchat/Info.plist;
				IPHONEOS_DEPLOYMENT_TARGET = 12.0;
				LD_RUNPATH_SEARCH_PATHS = (
					"$(inherited)",
					"@executable_path/Frameworks",
				);
				PRODUCT_BUNDLE_IDENTIFIER = "jp.pes-kingdom.GTchat";
				PRODUCT_NAME = "$(TARGET_NAME)";
				SWIFT_VERSION = 5.0;
				TARGETED_DEVICE_FAMILY = "1,2";
			};
			name = Debug;
		};
		9C3D089423760E310038A785 /* Release */ = {
			isa = XCBuildConfiguration;
			baseConfigurationReference = B0D8C469D9966AC91D3FB5D9 /* Pods-GTchat.release.xcconfig */;
			buildSettings = {
				ALWAYS_EMBED_SWIFT_STANDARD_LIBRARIES = "$(inherited)";
				ASSETCATALOG_COMPILER_APPICON_NAME = AppIcon;
				CODE_SIGN_STYLE = Automatic;
				DEVELOPMENT_TEAM = B32FR6Z5D5;
				INFOPLIST_FILE = GTchat/Info.plist;
				IPHONEOS_DEPLOYMENT_TARGET = 12.0;
				LD_RUNPATH_SEARCH_PATHS = (
					"$(inherited)",
					"@executable_path/Frameworks",
				);
				PRODUCT_BUNDLE_IDENTIFIER = "jp.pes-kingdom.GTchat";
				PRODUCT_NAME = "$(TARGET_NAME)";
				SWIFT_VERSION = 5.0;
				TARGETED_DEVICE_FAMILY = "1,2";
			};
			name = Release;
		};
		9C3D089623760E310038A785 /* Debug */ = {
			isa = XCBuildConfiguration;
			baseConfigurationReference = BAC0198515CBA9BABCB8F02E /* Pods-GTchatTests.debug.xcconfig */;
			buildSettings = {
				ALWAYS_EMBED_SWIFT_STANDARD_LIBRARIES = YES;
				BUNDLE_LOADER = "$(TEST_HOST)";
				CODE_SIGN_STYLE = Automatic;
				DEVELOPMENT_TEAM = B32FR6Z5D5;
				INFOPLIST_FILE = GTchatTests/Info.plist;
				IPHONEOS_DEPLOYMENT_TARGET = 13.2;
				LD_RUNPATH_SEARCH_PATHS = (
					"$(inherited)",
					"@executable_path/Frameworks",
					"@loader_path/Frameworks",
				);
				PRODUCT_BUNDLE_IDENTIFIER = "jp.pes-kingdom.GTchatTests";
				PRODUCT_NAME = "$(TARGET_NAME)";
				SWIFT_VERSION = 5.0;
				TARGETED_DEVICE_FAMILY = "1,2";
				TEST_HOST = "$(BUILT_PRODUCTS_DIR)/GTchat.app/GTchat";
			};
			name = Debug;
		};
		9C3D089723760E310038A785 /* Release */ = {
			isa = XCBuildConfiguration;
			baseConfigurationReference = CC307B921DC0391D0FFBC031 /* Pods-GTchatTests.release.xcconfig */;
			buildSettings = {
				ALWAYS_EMBED_SWIFT_STANDARD_LIBRARIES = YES;
				BUNDLE_LOADER = "$(TEST_HOST)";
				CODE_SIGN_STYLE = Automatic;
				DEVELOPMENT_TEAM = B32FR6Z5D5;
				INFOPLIST_FILE = GTchatTests/Info.plist;
				IPHONEOS_DEPLOYMENT_TARGET = 13.2;
				LD_RUNPATH_SEARCH_PATHS = (
					"$(inherited)",
					"@executable_path/Frameworks",
					"@loader_path/Frameworks",
				);
				PRODUCT_BUNDLE_IDENTIFIER = "jp.pes-kingdom.GTchatTests";
				PRODUCT_NAME = "$(TARGET_NAME)";
				SWIFT_VERSION = 5.0;
				TARGETED_DEVICE_FAMILY = "1,2";
				TEST_HOST = "$(BUILT_PRODUCTS_DIR)/GTchat.app/GTchat";
			};
			name = Release;
		};
		9C3D089923760E310038A785 /* Debug */ = {
			isa = XCBuildConfiguration;
			baseConfigurationReference = 34453FA34790D28E1599EE94 /* Pods-GTchat-GTchatUITests.debug.xcconfig */;
			buildSettings = {
				ALWAYS_EMBED_SWIFT_STANDARD_LIBRARIES = "$(inherited)";
				CODE_SIGN_STYLE = Automatic;
				DEVELOPMENT_TEAM = B32FR6Z5D5;
				INFOPLIST_FILE = GTchatUITests/Info.plist;
				LD_RUNPATH_SEARCH_PATHS = (
					"$(inherited)",
					"@executable_path/Frameworks",
					"@loader_path/Frameworks",
				);
				PRODUCT_BUNDLE_IDENTIFIER = "jp.pes-kingdom.GTchatUITests";
				PRODUCT_NAME = "$(TARGET_NAME)";
				SWIFT_VERSION = 5.0;
				TARGETED_DEVICE_FAMILY = "1,2";
				TEST_TARGET_NAME = GTchat;
			};
			name = Debug;
		};
		9C3D089A23760E310038A785 /* Release */ = {
			isa = XCBuildConfiguration;
			baseConfigurationReference = 5A01796E658DF55888076EB5 /* Pods-GTchat-GTchatUITests.release.xcconfig */;
			buildSettings = {
				ALWAYS_EMBED_SWIFT_STANDARD_LIBRARIES = "$(inherited)";
				CODE_SIGN_STYLE = Automatic;
				DEVELOPMENT_TEAM = B32FR6Z5D5;
				INFOPLIST_FILE = GTchatUITests/Info.plist;
				LD_RUNPATH_SEARCH_PATHS = (
					"$(inherited)",
					"@executable_path/Frameworks",
					"@loader_path/Frameworks",
				);
				PRODUCT_BUNDLE_IDENTIFIER = "jp.pes-kingdom.GTchatUITests";
				PRODUCT_NAME = "$(TARGET_NAME)";
				SWIFT_VERSION = 5.0;
				TARGETED_DEVICE_FAMILY = "1,2";
				TEST_TARGET_NAME = GTchat;
			};
			name = Release;
		};
/* End XCBuildConfiguration section */

/* Begin XCConfigurationList section */
		9C3D086323760E2E0038A785 /* Build configuration list for PBXProject "GTchat" */ = {
			isa = XCConfigurationList;
			buildConfigurations = (
				9C3D089023760E310038A785 /* Debug */,
				9C3D089123760E310038A785 /* Release */,
			);
			defaultConfigurationIsVisible = 0;
			defaultConfigurationName = Release;
		};
		9C3D089223760E310038A785 /* Build configuration list for PBXNativeTarget "GTchat" */ = {
			isa = XCConfigurationList;
			buildConfigurations = (
				9C3D089323760E310038A785 /* Debug */,
				9C3D089423760E310038A785 /* Release */,
			);
			defaultConfigurationIsVisible = 0;
			defaultConfigurationName = Release;
		};
		9C3D089523760E310038A785 /* Build configuration list for PBXNativeTarget "GTchatTests" */ = {
			isa = XCConfigurationList;
			buildConfigurations = (
				9C3D089623760E310038A785 /* Debug */,
				9C3D089723760E310038A785 /* Release */,
			);
			defaultConfigurationIsVisible = 0;
			defaultConfigurationName = Release;
		};
		9C3D089823760E310038A785 /* Build configuration list for PBXNativeTarget "GTchatUITests" */ = {
			isa = XCConfigurationList;
			buildConfigurations = (
				9C3D089923760E310038A785 /* Debug */,
				9C3D089A23760E310038A785 /* Release */,
			);
			defaultConfigurationIsVisible = 0;
			defaultConfigurationName = Release;
		};
/* End XCConfigurationList section */
	};
	rootObject = 9C3D086023760E2E0038A785 /* Project object */;
}
